
Microsoft Visual Studio Solution File, Format Version 12.00
# Visual Studio Version 17
VisualStudioVersion = 17.0.31903.59
MinimumVisualStudioVersion = 10.0.40219.1
Project("{2150E333-8FDC-42A3-9474-1A3956D46DE8}") = "src", "src", "{DC8C30F8-1BCD-4213-B1E6-66EA7642A59F}"
EndProject
Project("{9A19103F-16F7-4668-BE54-9A1E7A4F7556}") = "TaskManagement.Core", "src\TaskManagement.Core\TaskManagement.Core.csproj", "{20DB7E0E-7F39-4CEF-9253-02AF39EAD71F}"
EndProject
Project("{9A19103F-16F7-4668-BE54-9A1E7A4F7556}") = "TaskManagement.Infrastructure", "src\TaskManagement.Infrastructure\TaskManagement.Infrastructure.csproj", "{83178680-6634-453C-AFBB-F221BF02010E}"
EndProject
Project("{9A19103F-16F7-4668-BE54-9A1E7A4F7556}") = "TaskManagement.Api", "src\TaskManagement.Api\TaskManagement.Api.csproj", "{B37AAAC3-4524-4444-B3AD-52BF63FDD46C}"
EndProject
Project("{9A19103F-16F7-4668-BE54-9A1E7A4F7556}") = "TaskManagement.Web", "src\TaskManagement.Web\TaskManagement.Web.csproj", "{ED9C88A1-BCC7-4B32-8C29-9B3ECCBA80FD}"
EndProject
Project("{2150E333-8FDC-42A3-9474-1A3956D46DE8}") = "tests", "tests", "{5B580773-D98E-41D9-819E-FD9C82767F53}"
EndProject
Project("{9A19103F-16F7-4668-BE54-9A1E7A4F7556}") = "TaskManagement.Tests", "tests\TaskManagement.Tests\TaskManagement.Tests.csproj", "{C29C4602-9E68-4174-86EB-CCEE4B1F7856}"
EndProject
Project("{2150E333-8FDC-42A3-9474-1A3956D46DE8}") = "Solution Items", "Solution Items", "{D06ABEB6-9424-4AAE-974C-EFB4A69A49F6}"
	ProjectSection(SolutionItems) = preProject
		.gitignore = .gitignore
	EndProjectSection
EndProject
Global
	GlobalSection(SolutionConfigurationPlatforms) = preSolution
		Debug|Any CPU = Debug|Any CPU
		Release|Any CPU = Release|Any CPU
	EndGlobalSection
	GlobalSection(ProjectConfigurationPlatforms) = postSolution
		{20DB7E0E-7F39-4CEF-9253-02AF39EAD71F}.Debug|Any CPU.ActiveCfg = Debug|Any CPU
		{20DB7E0E-7F39-4CEF-9253-02AF39EAD71F}.Debug|Any CPU.Build.0 = Debug|Any CPU
		{20DB7E0E-7F39-4CEF-9253-02AF39EAD71F}.Release|Any CPU.ActiveCfg = Release|Any CPU
		{20DB7E0E-7F39-4CEF-9253-02AF39EAD71F}.Release|Any CPU.Build.0 = Release|Any CPU
		{83178680-6634-453C-AFBB-F221BF02010E}.Debug|Any CPU.ActiveCfg = Debug|Any CPU
		{83178680-6634-453C-AFBB-F221BF02010E}.Debug|Any CPU.Build.0 = Debug|Any CPU
		{83178680-6634-453C-AFBB-F221BF02010E}.Release|Any CPU.ActiveCfg = Release|Any CPU
		{83178680-6634-453C-AFBB-F221BF02010E}.Release|Any CPU.Build.0 = Release|Any CPU
		{B37AAAC3-4524-4444-B3AD-52BF63FDD46C}.Debug|Any CPU.ActiveCfg = Debug|Any CPU
		{B37AAAC3-4524-4444-B3AD-52BF63FDD46C}.Debug|Any CPU.Build.0 = Debug|Any CPU
		{B37AAAC3-4524-4444-B3AD-52BF63FDD46C}.Release|Any CPU.ActiveCfg = Release|Any CPU
		{B37AAAC3-4524-4444-B3AD-52BF63FDD46C}.Release|Any CPU.Build.0 = Release|Any CPU
		{ED9C88A1-BCC7-4B32-8C29-9B3ECCBA80FD}.Debug|Any CPU.ActiveCfg = Debug|Any CPU
		{ED9C88A1-BCC7-4B32-8C29-9B3ECCBA80FD}.Debug|Any CPU.Build.0 = Debug|Any CPU
		{ED9C88A1-BCC7-4B32-8C29-9B3ECCBA80FD}.Release|Any CPU.ActiveCfg = Release|Any CPU
		{ED9C88A1-BCC7-4B32-8C29-9B3ECCBA80FD}.Release|Any CPU.Build.0 = Release|Any CPU
		{C29C4602-9E68-4174-86EB-CCEE4B1F7856}.Debug|Any CPU.ActiveCfg = Debug|Any CPU
		{C29C4602-9E68-4174-86EB-CCEE4B1F7856}.Debug|Any CPU.Build.0 = Debug|Any CPU
		{C29C4602-9E68-4174-86EB-CCEE4B1F7856}.Release|Any CPU.ActiveCfg = Release|Any CPU
		{C29C4602-9E68-4174-86EB-CCEE4B1F7856}.Release|Any CPU.Build.0 = Release|Any CPU
	EndGlobalSection
	GlobalSection(SolutionProperties) = preSolution
		HideSolutionNode = FALSE
	EndGlobalSection
	GlobalSection(NestedProjects) = preSolution
		{20DB7E0E-7F39-4CEF-9253-02AF39EAD71F} = {DC8C30F8-1BCD-4213-B1E6-66EA7642A59F}
		{83178680-6634-453C-AFBB-F221BF02010E} = {DC8C30F8-1BCD-4213-B1E6-66EA7642A59F}
		{B37AAAC3-4524-4444-B3AD-52BF63FDD46C} = {DC8C30F8-1BCD-4213-B1E6-66EA7642A59F}
		{ED9C88A1-BCC7-4B32-8C29-9B3ECCBA80FD} = {DC8C30F8-1BCD-4213-B1E6-66EA7642A59F}
		{C29C4602-9E68-4174-86EB-CCEE4B1F7856} = {5B580773-D98E-41D9-819E-FD9C82767F53}
	EndGlobalSection
	GlobalSection(ExtensibilityGlobals) = postSolution
		SolutionGuid = {6ABFAA33-EAEA-4A05-98DD-F43461A3D4D9}
	EndGlobalSection
EndGlobal
